
Microsoft Visual Studio Solution File, Format Version 12.00
# Visual Studio 15
VisualStudioVersion = 15.0.28307.329
MinimumVisualStudioVersion = 10.0.40219.1
Project("{FAE04EC0-301F-11D3-BF4B-00C04F79EFBC}") = "Project1", "UnitTestProject3\Project1.csproj", "{F9501CFF-3847-494A-AE82-9940AB44356E}"
EndProject
Project("{FAE04EC0-301F-11D3-BF4B-00C04F79EFBC}") = "CommonProject", "ProjectB\CommonProject.csproj", "{A5BA2BC2-3E50-46EF-95A8-CE127B678364}"
EndProject
Project("{FAE04EC0-301F-11D3-BF4B-00C04F79EFBC}") = "Project2", "Project2\Project2.csproj", "{6D27B321-71D0-4097-98DB-87F0C7A08A99}"
EndProject
Global
	GlobalSection(SolutionConfigurationPlatforms) = preSolution
		Debug|Any CPU = Debug|Any CPU
		Release|Any CPU = Release|Any CPU
	EndGlobalSection
	GlobalSection(ProjectConfigurationPlatforms) = postSolution
		{F9501CFF-3847-494A-AE82-9940AB44356E}.Debug|Any CPU.ActiveCfg = Debug|Any CPU
		{F9501CFF-3847-494A-AE82-9940AB44356E}.Debug|Any CPU.Build.0 = Debug|Any CPU
		{F9501CFF-3847-494A-AE82-9940AB44356E}.Release|Any CPU.ActiveCfg = Release|Any CPU
		{F9501CFF-3847-494A-AE82-9940AB44356E}.Release|Any CPU.Build.0 = Release|Any CPU
		{A5BA2BC2-3E50-46EF-95A8-CE127B678364}.Debug|Any CPU.ActiveCfg = Debug|Any CPU
		{A5BA2BC2-3E50-46EF-95A8-CE127B678364}.Debug|Any CPU.Build.0 = Debug|Any CPU
		{A5BA2BC2-3E50-46EF-95A8-CE127B678364}.Release|Any CPU.ActiveCfg = Release|Any CPU
		{A5BA2BC2-3E50-46EF-95A8-CE127B678364}.Release|Any CPU.Build.0 = Release|Any CPU
		{6D27B321-71D0-4097-98DB-87F0C7A08A99}.Debug|Any CPU.ActiveCfg = Debug|Any CPU
		{6D27B321-71D0-4097-98DB-87F0C7A08A99}.Debug|Any CPU.Build.0 = Debug|Any CPU
		{6D27B321-71D0-4097-98DB-87F0C7A08A99}.Release|Any CPU.ActiveCfg = Release|Any CPU
		{6D27B321-71D0-4097-98DB-87F0C7A08A99}.Release|Any CPU.Build.0 = Release|Any CPU
	EndGlobalSection
	GlobalSection(SolutionProperties) = preSolution
		HideSolutionNode = FALSE
	EndGlobalSection
	GlobalSection(ExtensibilityGlobals) = postSolution
		SolutionGuid = {4428F092-AD5D-4E85-A068-1D20EA19BDDB}
	EndGlobalSection
EndGlobal
